
Microsoft Visual Studio Solution File, Format Version 12.00
# Visual Studio Version 17
VisualStudioVersion = 17.11.35222.181
MinimumVisualStudioVersion = 10.0.40219.1
Project("{FAE04EC0-301F-11D3-BF4B-00C04F79EFBC}") = "KTU Savarankiškas darbas", "KTU Savarankiškas darbas\KTU Savarankiškas darbas.csproj", "{80503EC6-FDF6-41C4-AC06-A91AA5387480}"
EndProject
Global
	GlobalSection(SolutionConfigurationPlatforms) = preSolution
		Debug|Any CPU = Debug|Any CPU
		Release|Any CPU = Release|Any CPU
	EndGlobalSection
	GlobalSection(ProjectConfigurationPlatforms) = postSolution
		{80503EC6-FDF6-41C4-AC06-A91AA5387480}.Debug|Any CPU.ActiveCfg = Debug|Any CPU
		{80503EC6-FDF6-41C4-AC06-A91AA5387480}.Debug|Any CPU.Build.0 = Debug|Any CPU
		{80503EC6-FDF6-41C4-AC06-A91AA5387480}.Release|Any CPU.ActiveCfg = Release|Any CPU
		{80503EC6-FDF6-41C4-AC06-A91AA5387480}.Release|Any CPU.Build.0 = Release|Any CPU
	EndGlobalSection
	GlobalSection(SolutionProperties) = preSolution
		HideSolutionNode = FALSE
	EndGlobalSection
	GlobalSection(ExtensibilityGlobals) = postSolution
		SolutionGuid = {5DDEB22C-D02E-4F87-8E96-3F8FF03BBE2F}
	EndGlobalSection
EndGlobal
